// !$*UTF8*$!
{
	archiveVersion = 1;
	classes = {
	};
	objectVersion = 46;
	objects = {

/* Begin PBXBuildFile section */
		201365B51CE4BAC700F008EE /* AppDelegate.swift in Sources */ = {isa = PBXBuildFile; fileRef = 201365B41CE4BAC700F008EE /* AppDelegate.swift */; };
		201365B71CE4BAC700F008EE /* HeartBeatController.swift in Sources */ = {isa = PBXBuildFile; fileRef = 201365B61CE4BAC700F008EE /* HeartBeatController.swift */; };
		201365B91CE4BAC700F008EE /* MotionViewController.swift in Sources */ = {isa = PBXBuildFile; fileRef = 201365B81CE4BAC700F008EE /* MotionViewController.swift */; };
		201365BC1CE4BAC700F008EE /* Main.storyboard in Resources */ = {isa = PBXBuildFile; fileRef = 201365BA1CE4BAC700F008EE /* Main.storyboard */; };
		201365BE1CE4BAC700F008EE /* Assets.xcassets in Resources */ = {isa = PBXBuildFile; fileRef = 201365BD1CE4BAC700F008EE /* Assets.xcassets */; };
		201365C11CE4BAC700F008EE /* LaunchScreen.storyboard in Resources */ = {isa = PBXBuildFile; fileRef = 201365BF1CE4BAC700F008EE /* LaunchScreen.storyboard */; };
		201365CC1CE4BAC700F008EE /* BandDemoTests.swift in Sources */ = {isa = PBXBuildFile; fileRef = 201365CB1CE4BAC700F008EE /* BandDemoTests.swift */; };
		201365D71CE4BAC700F008EE /* BandDemoUITests.swift in Sources */ = {isa = PBXBuildFile; fileRef = 201365D61CE4BAC700F008EE /* BandDemoUITests.swift */; };
		201365E51CE4BB9B00F008EE /* MicrosoftBandKit_iOS.framework in Frameworks */ = {isa = PBXBuildFile; fileRef = 201365E41CE4BB9B00F008EE /* MicrosoftBandKit_iOS.framework */; };
		201365EA1CE5DC4D00F008EE /* BandConnectionManager.swift in Sources */ = {isa = PBXBuildFile; fileRef = 201365E91CE5DC4D00F008EE /* BandConnectionManager.swift */; };
		201365EC1CE5E49600F008EE /* MeViewController.swift in Sources */ = {isa = PBXBuildFile; fileRef = 201365EB1CE5E49600F008EE /* MeViewController.swift */; };
		201365EE1CE5EB3300F008EE /* EnvironmentViewController.swift in Sources */ = {isa = PBXBuildFile; fileRef = 201365ED1CE5EB3300F008EE /* EnvironmentViewController.swift */; };
/* End PBXBuildFile section */

/* Begin PBXContainerItemProxy section */
		201365C81CE4BAC700F008EE /* PBXContainerItemProxy */ = {
			isa = PBXContainerItemProxy;
			containerPortal = 201365A91CE4BAC600F008EE /* Project object */;
			proxyType = 1;
			remoteGlobalIDString = 201365B01CE4BAC600F008EE;
			remoteInfo = BandDemo;
		};
		201365D31CE4BAC700F008EE /* PBXContainerItemProxy */ = {
			isa = PBXContainerItemProxy;
			containerPortal = 201365A91CE4BAC600F008EE /* Project object */;
			proxyType = 1;
			remoteGlobalIDString = 201365B01CE4BAC600F008EE;
			remoteInfo = BandDemo;
		};
/* End PBXContainerItemProxy section */

/* Begin PBXFileReference section */
		201365B11CE4BAC600F008EE /* BandDemo.app */ = {isa = PBXFileReference; explicitFileType = wrapper.application; includeInIndex = 0; path = BandDemo.app; sourceTree = BUILT_PRODUCTS_DIR; };
		201365B41CE4BAC700F008EE /* AppDelegate.swift */ = {isa = PBXFileReference; lastKnownFileType = sourcecode.swift; path = AppDelegate.swift; sourceTree = "<group>"; };
		201365B61CE4BAC700F008EE /* HeartBeatController.swift */ = {isa = PBXFileReference; lastKnownFileType = sourcecode.swift; path = HeartBeatController.swift; sourceTree = "<group>"; };
		201365B81CE4BAC700F008EE /* MotionViewController.swift */ = {isa = PBXFileReference; lastKnownFileType = sourcecode.swift; path = MotionViewController.swift; sourceTree = "<group>"; };
		201365BB1CE4BAC700F008EE /* Base */ = {isa = PBXFileReference; lastKnownFileType = file.storyboard; name = Base; path = Base.lproj/Main.storyboard; sourceTree = "<group>"; };
		201365BD1CE4BAC700F008EE /* Assets.xcassets */ = {isa = PBXFileReference; lastKnownFileType = folder.assetcatalog; path = Assets.xcassets; sourceTree = "<group>"; };
		201365C01CE4BAC700F008EE /* Base */ = {isa = PBXFileReference; lastKnownFileType = file.storyboard; name = Base; path = Base.lproj/LaunchScreen.storyboard; sourceTree = "<group>"; };
		201365C21CE4BAC700F008EE /* Info.plist */ = {isa = PBXFileReference; lastKnownFileType = text.plist.xml; path = Info.plist; sourceTree = "<group>"; };
		201365C71CE4BAC700F008EE /* BandDemoTests.xctest */ = {isa = PBXFileReference; explicitFileType = wrapper.cfbundle; includeInIndex = 0; path = BandDemoTests.xctest; sourceTree = BUILT_PRODUCTS_DIR; };
		201365CB1CE4BAC700F008EE /* BandDemoTests.swift */ = {isa = PBXFileReference; lastKnownFileType = sourcecode.swift; path = BandDemoTests.swift; sourceTree = "<group>"; };
		201365CD1CE4BAC700F008EE /* Info.plist */ = {isa = PBXFileReference; lastKnownFileType = text.plist.xml; path = Info.plist; sourceTree = "<group>"; };
		201365D21CE4BAC700F008EE /* BandDemoUITests.xctest */ = {isa = PBXFileReference; explicitFileType = wrapper.cfbundle; includeInIndex = 0; path = BandDemoUITests.xctest; sourceTree = BUILT_PRODUCTS_DIR; };
		201365D61CE4BAC700F008EE /* BandDemoUITests.swift */ = {isa = PBXFileReference; lastKnownFileType = sourcecode.swift; path = BandDemoUITests.swift; sourceTree = "<group>"; };
		201365D81CE4BAC700F008EE /* Info.plist */ = {isa = PBXFileReference; lastKnownFileType = text.plist.xml; path = Info.plist; sourceTree = "<group>"; };
		201365E41CE4BB9B00F008EE /* MicrosoftBandKit_iOS.framework */ = {isa = PBXFileReference; lastKnownFileType = wrapper.framework; path = MicrosoftBandKit_iOS.framework; sourceTree = "<group>"; };
		201365E61CE4C55200F008EE /* BandDemo-Bridging-Header.h */ = {isa = PBXFileReference; lastKnownFileType = sourcecode.c.h; path = "BandDemo-Bridging-Header.h"; sourceTree = "<group>"; };
		201365E91CE5DC4D00F008EE /* BandConnectionManager.swift */ = {isa = PBXFileReference; fileEncoding = 4; lastKnownFileType = sourcecode.swift; path = BandConnectionManager.swift; sourceTree = "<group>"; };
		201365EB1CE5E49600F008EE /* MeViewController.swift */ = {isa = PBXFileReference; fileEncoding = 4; lastKnownFileType = sourcecode.swift; path = MeViewController.swift; sourceTree = "<group>"; };
		201365ED1CE5EB3300F008EE /* EnvironmentViewController.swift */ = {isa = PBXFileReference; fileEncoding = 4; lastKnownFileType = sourcecode.swift; path = EnvironmentViewController.swift; sourceTree = "<group>"; };
/* End PBXFileReference section */

/* Begin PBXFrameworksBuildPhase section */
		201365AE1CE4BAC600F008EE /* Frameworks */ = {
			isa = PBXFrameworksBuildPhase;
			buildActionMask = 2147483647;
			files = (
				201365E51CE4BB9B00F008EE /* MicrosoftBandKit_iOS.framework in Frameworks */,
			);
			runOnlyForDeploymentPostprocessing = 0;
		};
		201365C41CE4BAC700F008EE /* Frameworks */ = {
			isa = PBXFrameworksBuildPhase;
			buildActionMask = 2147483647;
			files = (
			);
			runOnlyForDeploymentPostprocessing = 0;
		};
		201365CF1CE4BAC700F008EE /* Frameworks */ = {
			isa = PBXFrameworksBuildPhase;
			buildActionMask = 2147483647;
			files = (
			);
			runOnlyForDeploymentPostprocessing = 0;
		};
/* End PBXFrameworksBuildPhase section */

/* Begin PBXGroup section */
		201365A81CE4BAC600F008EE = {
			isa = PBXGroup;
			children = (
				201365E41CE4BB9B00F008EE /* MicrosoftBandKit_iOS.framework */,
				201365B31CE4BAC700F008EE /* BandDemo */,
				201365CA1CE4BAC700F008EE /* BandDemoTests */,
				201365D51CE4BAC700F008EE /* BandDemoUITests */,
				201365B21CE4BAC600F008EE /* Products */,
			);
			sourceTree = "<group>";
		};
		201365B21CE4BAC600F008EE /* Products */ = {
			isa = PBXGroup;
			children = (
				201365B11CE4BAC600F008EE /* BandDemo.app */,
				201365C71CE4BAC700F008EE /* BandDemoTests.xctest */,
				201365D21CE4BAC700F008EE /* BandDemoUITests.xctest */,
			);
			name = Products;
			sourceTree = "<group>";
		};
		201365B31CE4BAC700F008EE /* BandDemo */ = {
			isa = PBXGroup;
			children = (
				201365B41CE4BAC700F008EE /* AppDelegate.swift */,
				201365E91CE5DC4D00F008EE /* BandConnectionManager.swift */,
				201365EB1CE5E49600F008EE /* MeViewController.swift */,
				201365B61CE4BAC700F008EE /* HeartBeatController.swift */,
				201365B81CE4BAC700F008EE /* MotionViewController.swift */,
				201365ED1CE5EB3300F008EE /* EnvironmentViewController.swift */,
				201365BA1CE4BAC700F008EE /* Main.storyboard */,
				201365BD1CE4BAC700F008EE /* Assets.xcassets */,
				201365BF1CE4BAC700F008EE /* LaunchScreen.storyboard */,
				201365C21CE4BAC700F008EE /* Info.plist */,
				201365E61CE4C55200F008EE /* BandDemo-Bridging-Header.h */,
			);
			path = BandDemo;
			sourceTree = "<group>";
		};
		201365CA1CE4BAC700F008EE /* BandDemoTests */ = {
			isa = PBXGroup;
			children = (
				201365CB1CE4BAC700F008EE /* BandDemoTests.swift */,
				201365CD1CE4BAC700F008EE /* Info.plist */,
			);
			path = BandDemoTests;
			sourceTree = "<group>";
		};
		201365D51CE4BAC700F008EE /* BandDemoUITests */ = {
			isa = PBXGroup;
			children = (
				201365D61CE4BAC700F008EE /* BandDemoUITests.swift */,
				201365D81CE4BAC700F008EE /* Info.plist */,
			);
			path = BandDemoUITests;
			sourceTree = "<group>";
		};
/* End PBXGroup section */

/* Begin PBXNativeTarget section */
		201365B01CE4BAC600F008EE /* BandDemo */ = {
			isa = PBXNativeTarget;
			buildConfigurationList = 201365DB1CE4BAC700F008EE /* Build configuration list for PBXNativeTarget "BandDemo" */;
			buildPhases = (
				201365AD1CE4BAC600F008EE /* Sources */,
				201365AE1CE4BAC600F008EE /* Frameworks */,
				201365AF1CE4BAC600F008EE /* Resources */,
			);
			buildRules = (
			);
			dependencies = (
			);
			name = BandDemo;
			productName = BandDemo;
			productReference = 201365B11CE4BAC600F008EE /* BandDemo.app */;
			productType = "com.apple.product-type.application";
		};
		201365C61CE4BAC700F008EE /* BandDemoTests */ = {
			isa = PBXNativeTarget;
			buildConfigurationList = 201365DE1CE4BAC700F008EE /* Build configuration list for PBXNativeTarget "BandDemoTests" */;
			buildPhases = (
				201365C31CE4BAC700F008EE /* Sources */,
				201365C41CE4BAC700F008EE /* Frameworks */,
				201365C51CE4BAC700F008EE /* Resources */,
			);
			buildRules = (
			);
			dependencies = (
				201365C91CE4BAC700F008EE /* PBXTargetDependency */,
			);
			name = BandDemoTests;
			productName = BandDemoTests;
			productReference = 201365C71CE4BAC700F008EE /* BandDemoTests.xctest */;
			productType = "com.apple.product-type.bundle.unit-test";
		};
		201365D11CE4BAC700F008EE /* BandDemoUITests */ = {
			isa = PBXNativeTarget;
			buildConfigurationList = 201365E11CE4BAC700F008EE /* Build configuration list for PBXNativeTarget "BandDemoUITests" */;
			buildPhases = (
				201365CE1CE4BAC700F008EE /* Sources */,
				201365CF1CE4BAC700F008EE /* Frameworks */,
				201365D01CE4BAC700F008EE /* Resources */,
			);
			buildRules = (
			);
			dependencies = (
				201365D41CE4BAC700F008EE /* PBXTargetDependency */,
			);
			name = BandDemoUITests;
			productName = BandDemoUITests;
			productReference = 201365D21CE4BAC700F008EE /* BandDemoUITests.xctest */;
			productType = "com.apple.product-type.bundle.ui-testing";
		};
/* End PBXNativeTarget section */

/* Begin PBXProject section */
		201365A91CE4BAC600F008EE /* Project object */ = {
			isa = PBXProject;
			attributes = {
				LastSwiftUpdateCheck = 0730;
				LastUpgradeCheck = 0730;
				ORGANIZATIONNAME = "Manu Rink";
				TargetAttributes = {
					201365B01CE4BAC600F008EE = {
						CreatedOnToolsVersion = 7.3;
						DevelopmentTeam = UBF8T346G9;
					};
					201365C61CE4BAC700F008EE = {
						CreatedOnToolsVersion = 7.3;
						TestTargetID = 201365B01CE4BAC600F008EE;
					};
					201365D11CE4BAC700F008EE = {
						CreatedOnToolsVersion = 7.3;
						TestTargetID = 201365B01CE4BAC600F008EE;
					};
				};
			};
			buildConfigurationList = 201365AC1CE4BAC600F008EE /* Build configuration list for PBXProject "BandDemo" */;
			compatibilityVersion = "Xcode 3.2";
			developmentRegion = English;
			hasScannedForEncodings = 0;
			knownRegions = (
				en,
				Base,
			);
			mainGroup = 201365A81CE4BAC600F008EE;
			productRefGroup = 201365B21CE4BAC600F008EE /* Products */;
			projectDirPath = "";
			projectRoot = "";
			targets = (
				201365B01CE4BAC600F008EE /* BandDemo */,
				201365C61CE4BAC700F008EE /* BandDemoTests */,
				201365D11CE4BAC700F008EE /* BandDemoUITests */,
			);
		};
/* End PBXProject section */

/* Begin PBXResourcesBuildPhase section */
		201365AF1CE4BAC600F008EE /* Resources */ = {
			isa = PBXResourcesBuildPhase;
			buildActionMask = 2147483647;
			files = (
				201365C11CE4BAC700F008EE /* LaunchScreen.storyboard in Resources */,
				201365BE1CE4BAC700F008EE /* Assets.xcassets in Resources */,
				201365BC1CE4BAC700F008EE /* Main.storyboard in Resources */,
			);
			runOnlyForDeploymentPostprocessing = 0;
		};
		201365C51CE4BAC700F008EE /* Resources */ = {
			isa = PBXResourcesBuildPhase;
			buildActionMask = 2147483647;
			files = (
			);
			runOnlyForDeploymentPostprocessing = 0;
		};
		201365D01CE4BAC700F008EE /* Resources */ = {
			isa = PBXResourcesBuildPhase;
			buildActionMask = 2147483647;
			files = (
			);
			runOnlyForDeploymentPostprocessing = 0;
		};
/* End PBXResourcesBuildPhase section */

/* Begin PBXSourcesBuildPhase section */
		201365AD1CE4BAC600F008EE /* Sources */ = {
			isa = PBXSourcesBuildPhase;
			buildActionMask = 2147483647;
			files = (
				201365EC1CE5E49600F008EE /* MeViewController.swift in Sources */,
				201365B91CE4BAC700F008EE /* MotionViewController.swift in Sources */,
				201365EE1CE5EB3300F008EE /* EnvironmentViewController.swift in Sources */,
				201365B51CE4BAC700F008EE /* AppDelegate.swift in Sources */,
				201365EA1CE5DC4D00F008EE /* BandConnectionManager.swift in Sources */,
				201365B71CE4BAC700F008EE /* HeartBeatController.swift in Sources */,
			);
			runOnlyForDeploymentPostprocessing = 0;
		};
		201365C31CE4BAC700F008EE /* Sources */ = {
			isa = PBXSourcesBuildPhase;
			buildActionMask = 2147483647;
			files = (
				201365CC1CE4BAC700F008EE /* BandDemoTests.swift in Sources */,
			);
			runOnlyForDeploymentPostprocessing = 0;
		};
		201365CE1CE4BAC700F008EE /* Sources */ = {
			isa = PBXSourcesBuildPhase;
			buildActionMask = 2147483647;
			files = (
				201365D71CE4BAC700F008EE /* BandDemoUITests.swift in Sources */,
			);
			runOnlyForDeploymentPostprocessing = 0;
		};
/* End PBXSourcesBuildPhase section */

/* Begin PBXTargetDependency section */
		201365C91CE4BAC700F008EE /* PBXTargetDependency */ = {
			isa = PBXTargetDependency;
			target = 201365B01CE4BAC600F008EE /* BandDemo */;
			targetProxy = 201365C81CE4BAC700F008EE /* PBXContainerItemProxy */;
		};
		201365D41CE4BAC700F008EE /* PBXTargetDependency */ = {
			isa = PBXTargetDependency;
			target = 201365B01CE4BAC600F008EE /* BandDemo */;
			targetProxy = 201365D31CE4BAC700F008EE /* PBXContainerItemProxy */;
		};
/* End PBXTargetDependency section */

/* Begin PBXVariantGroup section */
		201365BA1CE4BAC700F008EE /* Main.storyboard */ = {
			isa = PBXVariantGroup;
			children = (
				201365BB1CE4BAC700F008EE /* Base */,
			);
			name = Main.storyboard;
			sourceTree = "<group>";
		};
		201365BF1CE4BAC700F008EE /* LaunchScreen.storyboard */ = {
			isa = PBXVariantGroup;
			children = (
				201365C01CE4BAC700F008EE /* Base */,
			);
			name = LaunchScreen.storyboard;
			sourceTree = "<group>";
		};
/* End PBXVariantGroup section */

/* Begin XCBuildConfiguration section */
		201365D91CE4BAC700F008EE /* Debug */ = {
			isa = XCBuildConfiguration;
			buildSettings = {
				ALWAYS_SEARCH_USER_PATHS = NO;
				CLANG_ANALYZER_NONNULL = YES;
				CLANG_CXX_LANGUAGE_STANDARD = "gnu++0x";
				CLANG_CXX_LIBRARY = "libc++";
				CLANG_ENABLE_MODULES = YES;
				CLANG_ENABLE_OBJC_ARC = YES;
				CLANG_WARN_BOOL_CONVERSION = YES;
				CLANG_WARN_CONSTANT_CONVERSION = YES;
				CLANG_WARN_DIRECT_OBJC_ISA_USAGE = YES_ERROR;
				CLANG_WARN_EMPTY_BODY = YES;
				CLANG_WARN_ENUM_CONVERSION = YES;
				CLANG_WARN_INT_CONVERSION = YES;
				CLANG_WARN_OBJC_ROOT_CLASS = YES_ERROR;
				CLANG_WARN_UNREACHABLE_CODE = YES;
				CLANG_WARN__DUPLICATE_METHOD_MATCH = YES;
				"CODE_SIGN_IDENTITY[sdk=iphoneos*]" = "iPhone Developer";
				COPY_PHASE_STRIP = NO;
				DEBUG_INFORMATION_FORMAT = dwarf;
				ENABLE_STRICT_OBJC_MSGSEND = YES;
				ENABLE_TESTABILITY = YES;
				GCC_C_LANGUAGE_STANDARD = gnu99;
				GCC_DYNAMIC_NO_PIC = NO;
				GCC_NO_COMMON_BLOCKS = YES;
				GCC_OPTIMIZATION_LEVEL = 0;
				GCC_PREPROCESSOR_DEFINITIONS = (
					"DEBUG=1",
					"$(inherited)",
				);
				GCC_WARN_64_TO_32_BIT_CONVERSION = YES;
				GCC_WARN_ABOUT_RETURN_TYPE = YES_ERROR;
				GCC_WARN_UNDECLARED_SELECTOR = YES;
				GCC_WARN_UNINITIALIZED_AUTOS = YES_AGGRESSIVE;
				GCC_WARN_UNUSED_FUNCTION = YES;
				GCC_WARN_UNUSED_VARIABLE = YES;
				IPHONEOS_DEPLOYMENT_TARGET = 9.3;
				MTL_ENABLE_DEBUG_INFO = YES;
				ONLY_ACTIVE_ARCH = YES;
				SDKROOT = iphoneos;
				SWIFT_OPTIMIZATION_LEVEL = "-Onone";
				TARGETED_DEVICE_FAMILY = "1,2";
			};
			name = Debug;
		};
		201365DA1CE4BAC700F008EE /* Release */ = {
			isa = XCBuildConfiguration;
			buildSettings = {
				ALWAYS_SEARCH_USER_PATHS = NO;
				CLANG_ANALYZER_NONNULL = YES;
				CLANG_CXX_LANGUAGE_STANDARD = "gnu++0x";
				CLANG_CXX_LIBRARY = "libc++";
				CLANG_ENABLE_MODULES = YES;
				CLANG_ENABLE_OBJC_ARC = YES;
				CLANG_WARN_BOOL_CONVERSION = YES;
				CLANG_WARN_CONSTANT_CONVERSION = YES;
				CLANG_WARN_DIRECT_OBJC_ISA_USAGE = YES_ERROR;
				CLANG_WARN_EMPTY_BODY = YES;
				CLANG_WARN_ENUM_CONVERSION = YES;
				CLANG_WARN_INT_CONVERSION = YES;
				CLANG_WARN_OBJC_ROOT_CLASS = YES_ERROR;
				CLANG_WARN_UNREACHABLE_CODE = YES;
				CLANG_WARN__DUPLICATE_METHOD_MATCH = YES;
				"CODE_SIGN_IDENTITY[sdk=iphoneos*]" = "iPhone Developer";
				COPY_PHASE_STRIP = NO;
				DEBUG_INFORMATION_FORMAT = "dwarf-with-dsym";
				ENABLE_NS_ASSERTIONS = NO;
				ENABLE_STRICT_OBJC_MSGSEND = YES;
				GCC_C_LANGUAGE_STANDARD = gnu99;
				GCC_NO_COMMON_BLOCKS = YES;
				GCC_WARN_64_TO_32_BIT_CONVERSION = YES;
				GCC_WARN_ABOUT_RETURN_TYPE = YES_ERROR;
				GCC_WARN_UNDECLARED_SELECTOR = YES;
				GCC_WARN_UNINITIALIZED_AUTOS = YES_AGGRESSIVE;
				GCC_WARN_UNUSED_FUNCTION = YES;
				GCC_WARN_UNUSED_VARIABLE = YES;
				IPHONEOS_DEPLOYMENT_TARGET = 9.3;
				MTL_ENABLE_DEBUG_INFO = NO;
				SDKROOT = iphoneos;
				TARGETED_DEVICE_FAMILY = "1,2";
				VALIDATE_PRODUCT = YES;
			};
			name = Release;
		};
		201365DC1CE4BAC700F008EE /* Debug */ = {
			isa = XCBuildConfiguration;
			buildSettings = {
				ASSETCATALOG_COMPILER_APPICON_NAME = AppIcon;
				CLANG_ENABLE_MODULES = YES;
				CODE_SIGN_IDENTITY = "iPhone Developer";
				"CODE_SIGN_IDENTITY[sdk=iphoneos*]" = "iPhone Developer";
				FRAMEWORK_SEARCH_PATHS = (
					"$(inherited)",
					"$(PROJECT_DIR)",
				);
				INFOPLIST_FILE = BandDemo/Info.plist;
				LD_RUNPATH_SEARCH_PATHS = "$(inherited) @executable_path/Frameworks";
				PRODUCT_BUNDLE_IDENTIFIER = com.ms.demo.BandDemo;
				PRODUCT_NAME = "$(TARGET_NAME)";
				PROVISIONING_PROFILE = "";
				SWIFT_OBJC_BRIDGING_HEADER = "BandDemo/BandDemo-Bridging-Header.h";
				SWIFT_OPTIMIZATION_LEVEL = "-Onone";
				TARGETED_DEVICE_FAMILY = 1;
			};
			name = Debug;
		};
		201365DD1CE4BAC700F008EE /* Release */ = {
			isa = XCBuildConfiguration;
			buildSettings = {
				ASSETCATALOG_COMPILER_APPICON_NAME = AppIcon;
				CLANG_ENABLE_MODULES = YES;
				CODE_SIGN_IDENTITY = "iPhone Developer";
				"CODE_SIGN_IDENTITY[sdk=iphoneos*]" = "iPhone Developer";
				FRAMEWORK_SEARCH_PATHS = (
					"$(inherited)",
					"$(PROJECT_DIR)",
				);
				INFOPLIST_FILE = BandDemo/Info.plist;
				LD_RUNPATH_SEARCH_PATHS = "$(inherited) @executable_path/Frameworks";
				PRODUCT_BUNDLE_IDENTIFIER = com.ms.demo.BandDemo;
				PRODUCT_NAME = "$(TARGET_NAME)";
				PROVISIONING_PROFILE = "";
				SWIFT_OBJC_BRIDGING_HEADER = "BandDemo/BandDemo-Bridging-Header.h";
				TARGETED_DEVICE_FAMILY = 1;
			};
			name = Release;
		};
		201365DF1CE4BAC700F008EE /* Debug */ = {
			isa = XCBuildConfiguration;
			buildSettings = {
				BUNDLE_LOADER = "$(TEST_HOST)";
				INFOPLIST_FILE = BandDemoTests/Info.plist;
				LD_RUNPATH_SEARCH_PATHS = "$(inherited) @executable_path/Frameworks @loader_path/Frameworks";
				PRODUCT_BUNDLE_IDENTIFIER = com.ms.demo.BandDemoTests;
				PRODUCT_NAME = "$(TARGET_NAME)";
				TEST_HOST = "$(BUILT_PRODUCTS_DIR)/BandDemo.app/BandDemo";
			};
			name = Debug;
		};
		201365E01CE4BAC700F008EE /* Release */ = {
			isa = XCBuildConfiguration;
			buildSettings = {
				BUNDLE_LOADER = "$(TEST_HOST)";
				INFOPLIST_FILE = BandDemoTests/Info.plist;
				LD_RUNPATH_SEARCH_PATHS = "$(inherited) @executable_path/Frameworks @loader_path/Frameworks";
				PRODUCT_BUNDLE_IDENTIFIER = com.ms.demo.BandDemoTests;
				PRODUCT_NAME = "$(TARGET_NAME)";
				TEST_HOST = "$(BUILT_PRODUCTS_DIR)/BandDemo.app/BandDemo";
			};
			name = Release;
		};
		201365E21CE4BAC700F008EE /* Debug */ = {
			isa = XCBuildConfiguration;
			buildSettings = {
				INFOPLIST_FILE = BandDemoUITests/Info.plist;
				LD_RUNPATH_SEARCH_PATHS = "$(inherited) @executable_path/Frameworks @loader_path/Frameworks";
				PRODUCT_BUNDLE_IDENTIFIER = com.ms.demo.BandDemoUITests;
				PRODUCT_NAME = "$(TARGET_NAME)";
				TEST_TARGET_NAME = BandDemo;
			};
			name = Debug;
		};
		201365E31CE4BAC700F008EE /* Release */ = {
			isa = XCBuildConfiguration;
			buildSettings = {
				INFOPLIST_FILE = BandDemoUITests/Info.plist;
				LD_RUNPATH_SEARCH_PATHS = "$(inherited) @executable_path/Frameworks @loader_path/Frameworks";
				PRODUCT_BUNDLE_IDENTIFIER = com.ms.demo.BandDemoUITests;
				PRODUCT_NAME = "$(TARGET_NAME)";
				TEST_TARGET_NAME = BandDemo;
			};
			name = Release;
		};
/* End XCBuildConfiguration section */

/* Begin XCConfigurationList section */
		201365AC1CE4BAC600F008EE /* Build configuration list for PBXProject "BandDemo" */ = {
			isa = XCConfigurationList;
			buildConfigurations = (
				201365D91CE4BAC700F008EE /* Debug */,
				201365DA1CE4BAC700F008EE /* Release */,
			);
			defaultConfigurationIsVisible = 0;
			defaultConfigurationName = Release;
		};
		201365DB1CE4BAC700F008EE /* Build configuration list for PBXNativeTarget "BandDemo" */ = {
			isa = XCConfigurationList;
			buildConfigurations = (
				201365DC1CE4BAC700F008EE /* Debug */,
				201365DD1CE4BAC700F008EE /* Release */,
			);
			defaultConfigurationIsVisible = 0;
		};
		201365DE1CE4BAC700F008EE /* Build configuration list for PBXNativeTarget "BandDemoTests" */ = {
			isa = XCConfigurationList;
			buildConfigurations = (
				201365DF1CE4BAC700F008EE /* Debug */,
				201365E01CE4BAC700F008EE /* Release */,
			);
			defaultConfigurationIsVisible = 0;
		};
		201365E11CE4BAC700F008EE /* Build configuration list for PBXNativeTarget "BandDemoUITests" */ = {
			isa = XCConfigurationList;
			buildConfigurations = (
				201365E21CE4BAC700F008EE /* Debug */,
				201365E31CE4BAC700F008EE /* Release */,
			);
			defaultConfigurationIsVisible = 0;
		};
/* End XCConfigurationList section */
	};
	rootObject = 201365A91CE4BAC600F008EE /* Project object */;
}
